// !$*UTF8*$!
{
	archiveVersion = 1;
	classes = {
	};
	objectVersion = 56;
	objects = {

/* Begin PBXBuildFile section */
		5C5265BB2D41524A00201A32 /* sleep2Earn_AppApp.swift in Sources */ = {isa = PBXBuildFile; fileRef = 5C5265BA2D41524A00201A32 /* sleep2Earn_AppApp.swift */; };
		5C5265BD2D41524A00201A32 /* ContentView.swift in Sources */ = {isa = PBXBuildFile; fileRef = 5C5265BC2D41524A00201A32 /* ContentView.swift */; };
		5C5265BF2D41524C00201A32 /* Assets.xcassets in Resources */ = {isa = PBXBuildFile; fileRef = 5C5265BE2D41524C00201A32 /* Assets.xcassets */; };
		5C5265C22D41524C00201A32 /* Preview Assets.xcassets in Resources */ = {isa = PBXBuildFile; fileRef = 5C5265C12D41524C00201A32 /* Preview Assets.xcassets */; };
		5C5265CC2D41524C00201A32 /* sleep2Earn_AppTests.swift in Sources */ = {isa = PBXBuildFile; fileRef = 5C5265CB2D41524C00201A32 /* sleep2Earn_AppTests.swift */; };
		5C5265D62D41524C00201A32 /* sleep2Earn_AppUITests.swift in Sources */ = {isa = PBXBuildFile; fileRef = 5C5265D52D41524C00201A32 /* sleep2Earn_AppUITests.swift */; };
		5C5265D82D41524C00201A32 /* sleep2Earn_AppUITestsLaunchTests.swift in Sources */ = {isa = PBXBuildFile; fileRef = 5C5265D72D41524C00201A32 /* sleep2Earn_AppUITestsLaunchTests.swift */; };
/* End PBXBuildFile section */

/* Begin PBXContainerItemProxy section */
		5C5265C82D41524C00201A32 /* PBXContainerItemProxy */ = {
			isa = PBXContainerItemProxy;
			containerPortal = 5C5265AF2D41524A00201A32 /* Project object */;
			proxyType = 1;
			remoteGlobalIDString = 5C5265B62D41524A00201A32;
			remoteInfo = "sleep2Earn-App";
		};
		5C5265D22D41524C00201A32 /* PBXContainerItemProxy */ = {
			isa = PBXContainerItemProxy;
			containerPortal = 5C5265AF2D41524A00201A32 /* Project object */;
			proxyType = 1;
			remoteGlobalIDString = 5C5265B62D41524A00201A32;
			remoteInfo = "sleep2Earn-App";
		};
/* End PBXContainerItemProxy section */

/* Begin PBXFileReference section */
		5C5265B72D41524A00201A32 /* sleep2Earn-App.app */ = {isa = PBXFileReference; explicitFileType = wrapper.application; includeInIndex = 0; path = "sleep2Earn-App.app"; sourceTree = BUILT_PRODUCTS_DIR; };
		5C5265BA2D41524A00201A32 /* sleep2Earn_AppApp.swift */ = {isa = PBXFileReference; lastKnownFileType = sourcecode.swift; path = sleep2Earn_AppApp.swift; sourceTree = "<group>"; };
		5C5265BC2D41524A00201A32 /* ContentView.swift */ = {isa = PBXFileReference; lastKnownFileType = sourcecode.swift; path = ContentView.swift; sourceTree = "<group>"; };
		5C5265BE2D41524C00201A32 /* Assets.xcassets */ = {isa = PBXFileReference; lastKnownFileType = folder.assetcatalog; path = Assets.xcassets; sourceTree = "<group>"; };
		5C5265C12D41524C00201A32 /* Preview Assets.xcassets */ = {isa = PBXFileReference; lastKnownFileType = folder.assetcatalog; path = "Preview Assets.xcassets"; sourceTree = "<group>"; };
		5C5265C72D41524C00201A32 /* sleep2Earn-AppTests.xctest */ = {isa = PBXFileReference; explicitFileType = wrapper.cfbundle; includeInIndex = 0; path = "sleep2Earn-AppTests.xctest"; sourceTree = BUILT_PRODUCTS_DIR; };
		5C5265CB2D41524C00201A32 /* sleep2Earn_AppTests.swift */ = {isa = PBXFileReference; lastKnownFileType = sourcecode.swift; path = sleep2Earn_AppTests.swift; sourceTree = "<group>"; };
		5C5265D12D41524C00201A32 /* sleep2Earn-AppUITests.xctest */ = {isa = PBXFileReference; explicitFileType = wrapper.cfbundle; includeInIndex = 0; path = "sleep2Earn-AppUITests.xctest"; sourceTree = BUILT_PRODUCTS_DIR; };
		5C5265D52D41524C00201A32 /* sleep2Earn_AppUITests.swift */ = {isa = PBXFileReference; lastKnownFileType = sourcecode.swift; path = sleep2Earn_AppUITests.swift; sourceTree = "<group>"; };
		5C5265D72D41524C00201A32 /* sleep2Earn_AppUITestsLaunchTests.swift */ = {isa = PBXFileReference; lastKnownFileType = sourcecode.swift; path = sleep2Earn_AppUITestsLaunchTests.swift; sourceTree = "<group>"; };
/* End PBXFileReference section */

/* Begin PBXFrameworksBuildPhase section */
		5C5265B42D41524A00201A32 /* Frameworks */ = {
			isa = PBXFrameworksBuildPhase;
			buildActionMask = 2147483647;
			files = (
			);
			runOnlyForDeploymentPostprocessing = 0;
		};
		5C5265C42D41524C00201A32 /* Frameworks */ = {
			isa = PBXFrameworksBuildPhase;
			buildActionMask = 2147483647;
			files = (
			);
			runOnlyForDeploymentPostprocessing = 0;
		};
		5C5265CE2D41524C00201A32 /* Frameworks */ = {
			isa = PBXFrameworksBuildPhase;
			buildActionMask = 2147483647;
			files = (
			);
			runOnlyForDeploymentPostprocessing = 0;
		};
/* End PBXFrameworksBuildPhase section */

/* Begin PBXGroup section */
		5C5265AE2D41524A00201A32 = {
			isa = PBXGroup;
			children = (
				5C5265B92D41524A00201A32 /* sleep2Earn-App */,
				5C5265CA2D41524C00201A32 /* sleep2Earn-AppTests */,
				5C5265D42D41524C00201A32 /* sleep2Earn-AppUITests */,
				5C5265B82D41524A00201A32 /* Products */,
			);
			sourceTree = "<group>";
		};
		5C5265B82D41524A00201A32 /* Products */ = {
			isa = PBXGroup;
			children = (
				5C5265B72D41524A00201A32 /* sleep2Earn-App.app */,
				5C5265C72D41524C00201A32 /* sleep2Earn-AppTests.xctest */,
				5C5265D12D41524C00201A32 /* sleep2Earn-AppUITests.xctest */,
			);
			name = Products;
			sourceTree = "<group>";
		};
		5C5265B92D41524A00201A32 /* sleep2Earn-App */ = {
			isa = PBXGroup;
			children = (
				5C5265BA2D41524A00201A32 /* sleep2Earn_AppApp.swift */,
				5C5265BC2D41524A00201A32 /* ContentView.swift */,
				5C5265BE2D41524C00201A32 /* Assets.xcassets */,
				5C5265C02D41524C00201A32 /* Preview Content */,
			);
			path = "sleep2Earn-App";
			sourceTree = "<group>";
		};
		5C5265C02D41524C00201A32 /* Preview Content */ = {
			isa = PBXGroup;
			children = (
				5C5265C12D41524C00201A32 /* Preview Assets.xcassets */,
			);
			path = "Preview Content";
			sourceTree = "<group>";
		};
		5C5265CA2D41524C00201A32 /* sleep2Earn-AppTests */ = {
			isa = PBXGroup;
			children = (
				5C5265CB2D41524C00201A32 /* sleep2Earn_AppTests.swift */,
			);
			path = "sleep2Earn-AppTests";
			sourceTree = "<group>";
		};
		5C5265D42D41524C00201A32 /* sleep2Earn-AppUITests */ = {
			isa = PBXGroup;
			children = (
				5C5265D52D41524C00201A32 /* sleep2Earn_AppUITests.swift */,
				5C5265D72D41524C00201A32 /* sleep2Earn_AppUITestsLaunchTests.swift */,
			);
			path = "sleep2Earn-AppUITests";
			sourceTree = "<group>";
		};
/* End PBXGroup section */

/* Begin PBXNativeTarget section */
		5C5265B62D41524A00201A32 /* sleep2Earn-App */ = {
			isa = PBXNativeTarget;
			buildConfigurationList = 5C5265DB2D41524C00201A32 /* Build configuration list for PBXNativeTarget "sleep2Earn-App" */;
			buildPhases = (
				5C5265B32D41524A00201A32 /* Sources */,
				5C5265B42D41524A00201A32 /* Frameworks */,
				5C5265B52D41524A00201A32 /* Resources */,
			);
			buildRules = (
			);
			dependencies = (
			);
			name = "sleep2Earn-App";
			productName = "sleep2Earn-App";
			productReference = 5C5265B72D41524A00201A32 /* sleep2Earn-App.app */;
			productType = "com.apple.product-type.application";
		};
		5C5265C62D41524C00201A32 /* sleep2Earn-AppTests */ = {
			isa = PBXNativeTarget;
			buildConfigurationList = 5C5265DE2D41524C00201A32 /* Build configuration list for PBXNativeTarget "sleep2Earn-AppTests" */;
			buildPhases = (
				5C5265C32D41524C00201A32 /* Sources */,
				5C5265C42D41524C00201A32 /* Frameworks */,
				5C5265C52D41524C00201A32 /* Resources */,
			);
			buildRules = (
			);
			dependencies = (
				5C5265C92D41524C00201A32 /* PBXTargetDependency */,
			);
			name = "sleep2Earn-AppTests";
			productName = "sleep2Earn-AppTests";
			productReference = 5C5265C72D41524C00201A32 /* sleep2Earn-AppTests.xctest */;
			productType = "com.apple.product-type.bundle.unit-test";
		};
		5C5265D02D41524C00201A32 /* sleep2Earn-AppUITests */ = {
			isa = PBXNativeTarget;
			buildConfigurationList = 5C5265E12D41524C00201A32 /* Build configuration list for PBXNativeTarget "sleep2Earn-AppUITests" */;
			buildPhases = (
				5C5265CD2D41524C00201A32 /* Sources */,
				5C5265CE2D41524C00201A32 /* Frameworks */,
				5C5265CF2D41524C00201A32 /* Resources */,
			);
			buildRules = (
			);
			dependencies = (
				5C5265D32D41524C00201A32 /* PBXTargetDependency */,
			);
			name = "sleep2Earn-AppUITests";
			productName = "sleep2Earn-AppUITests";
			productReference = 5C5265D12D41524C00201A32 /* sleep2Earn-AppUITests.xctest */;
			productType = "com.apple.product-type.bundle.ui-testing";
		};
/* End PBXNativeTarget section */

/* Begin PBXProject section */
		5C5265AF2D41524A00201A32 /* Project object */ = {
			isa = PBXProject;
			attributes = {
				BuildIndependentTargetsInParallel = 1;
				LastSwiftUpdateCheck = 1520;
				LastUpgradeCheck = 1520;
				TargetAttributes = {
					5C5265B62D41524A00201A32 = {
						CreatedOnToolsVersion = 15.2;
					};
					5C5265C62D41524C00201A32 = {
						CreatedOnToolsVersion = 15.2;
						TestTargetID = 5C5265B62D41524A00201A32;
					};
					5C5265D02D41524C00201A32 = {
						CreatedOnToolsVersion = 15.2;
						TestTargetID = 5C5265B62D41524A00201A32;
					};
				};
			};
			buildConfigurationList = 5C5265B22D41524A00201A32 /* Build configuration list for PBXProject "sleep2Earn-App" */;
			compatibilityVersion = "Xcode 14.0";
			developmentRegion = en;
			hasScannedForEncodings = 0;
			knownRegions = (
				en,
				Base,
			);
			mainGroup = 5C5265AE2D41524A00201A32;
			productRefGroup = 5C5265B82D41524A00201A32 /* Products */;
			projectDirPath = "";
			projectRoot = "";
			targets = (
				5C5265B62D41524A00201A32 /* sleep2Earn-App */,
				5C5265C62D41524C00201A32 /* sleep2Earn-AppTests */,
				5C5265D02D41524C00201A32 /* sleep2Earn-AppUITests */,
			);
		};
/* End PBXProject section */

/* Begin PBXResourcesBuildPhase section */
		5C5265B52D41524A00201A32 /* Resources */ = {
			isa = PBXResourcesBuildPhase;
			buildActionMask = 2147483647;
			files = (
				5C5265C22D41524C00201A32 /* Preview Assets.xcassets in Resources */,
				5C5265BF2D41524C00201A32 /* Assets.xcassets in Resources */,
			);
			runOnlyForDeploymentPostprocessing = 0;
		};
		5C5265C52D41524C00201A32 /* Resources */ = {
			isa = PBXResourcesBuildPhase;
			buildActionMask = 2147483647;
			files = (
			);
			runOnlyForDeploymentPostprocessing = 0;
		};
		5C5265CF2D41524C00201A32 /* Resources */ = {
			isa = PBXResourcesBuildPhase;
			buildActionMask = 2147483647;
			files = (
			);
			runOnlyForDeploymentPostprocessing = 0;
		};
/* End PBXResourcesBuildPhase section */

/* Begin PBXSourcesBuildPhase section */
		5C5265B32D41524A00201A32 /* Sources */ = {
			isa = PBXSourcesBuildPhase;
			buildActionMask = 2147483647;
			files = (
				5C5265BD2D41524A00201A32 /* ContentView.swift in Sources */,
				5C5265BB2D41524A00201A32 /* sleep2Earn_AppApp.swift in Sources */,
			);
			runOnlyForDeploymentPostprocessing = 0;
		};
		5C5265C32D41524C00201A32 /* Sources */ = {
			isa = PBXSourcesBuildPhase;
			buildActionMask = 2147483647;
			files = (
				5C5265CC2D41524C00201A32 /* sleep2Earn_AppTests.swift in Sources */,
			);
			runOnlyForDeploymentPostprocessing = 0;
		};
		5C5265CD2D41524C00201A32 /* Sources */ = {
			isa = PBXSourcesBuildPhase;
			buildActionMask = 2147483647;
			files = (
				5C5265D62D41524C00201A32 /* sleep2Earn_AppUITests.swift in Sources */,
				5C5265D82D41524C00201A32 /* sleep2Earn_AppUITestsLaunchTests.swift in Sources */,
			);
			runOnlyForDeploymentPostprocessing = 0;
		};
/* End PBXSourcesBuildPhase section */

/* Begin PBXTargetDependency section */
		5C5265C92D41524C00201A32 /* PBXTargetDependency */ = {
			isa = PBXTargetDependency;
			target = 5C5265B62D41524A00201A32 /* sleep2Earn-App */;
			targetProxy = 5C5265C82D41524C00201A32 /* PBXContainerItemProxy */;
		};
		5C5265D32D41524C00201A32 /* PBXTargetDependency */ = {
			isa = PBXTargetDependency;
			target = 5C5265B62D41524A00201A32 /* sleep2Earn-App */;
			targetProxy = 5C5265D22D41524C00201A32 /* PBXContainerItemProxy */;
		};
/* End PBXTargetDependency section */

/* Begin XCBuildConfiguration section */
		5C5265D92D41524C00201A32 /* Debug */ = {
			isa = XCBuildConfiguration;
			buildSettings = {
				ALWAYS_SEARCH_USER_PATHS = NO;
				ASSETCATALOG_COMPILER_GENERATE_SWIFT_ASSET_SYMBOL_EXTENSIONS = YES;
				CLANG_ANALYZER_NONNULL = YES;
				CLANG_ANALYZER_NUMBER_OBJECT_CONVERSION = YES_AGGRESSIVE;
				CLANG_CXX_LANGUAGE_STANDARD = "gnu++20";
				CLANG_ENABLE_MODULES = YES;
				CLANG_ENABLE_OBJC_ARC = YES;
				CLANG_ENABLE_OBJC_WEAK = YES;
				CLANG_WARN_BLOCK_CAPTURE_AUTORELEASING = YES;
				CLANG_WARN_BOOL_CONVERSION = YES;
				CLANG_WARN_COMMA = YES;
				CLANG_WARN_CONSTANT_CONVERSION = YES;
				CLANG_WARN_DEPRECATED_OBJC_IMPLEMENTATIONS = YES;
				CLANG_WARN_DIRECT_OBJC_ISA_USAGE = YES_ERROR;
				CLANG_WARN_DOCUMENTATION_COMMENTS = YES;
				CLANG_WARN_EMPTY_BODY = YES;
				CLANG_WARN_ENUM_CONVERSION = YES;
				CLANG_WARN_INFINITE_RECURSION = YES;
				CLANG_WARN_INT_CONVERSION = YES;
				CLANG_WARN_NON_LITERAL_NULL_CONVERSION = YES;
				CLANG_WARN_OBJC_IMPLICIT_RETAIN_SELF = YES;
				CLANG_WARN_OBJC_LITERAL_CONVERSION = YES;
				CLANG_WARN_OBJC_ROOT_CLASS = YES_ERROR;
				CLANG_WARN_QUOTED_INCLUDE_IN_FRAMEWORK_HEADER = YES;
				CLANG_WARN_RANGE_LOOP_ANALYSIS = YES;
				CLANG_WARN_STRICT_PROTOTYPES = YES;
				CLANG_WARN_SUSPICIOUS_MOVE = YES;
				CLANG_WARN_UNGUARDED_AVAILABILITY = YES_AGGRESSIVE;
				CLANG_WARN_UNREACHABLE_CODE = YES;
				CLANG_WARN__DUPLICATE_METHOD_MATCH = YES;
				COPY_PHASE_STRIP = NO;
				DEBUG_INFORMATION_FORMAT = dwarf;
				ENABLE_STRICT_OBJC_MSGSEND = YES;
				ENABLE_TESTABILITY = YES;
				ENABLE_USER_SCRIPT_SANDBOXING = YES;
				GCC_C_LANGUAGE_STANDARD = gnu17;
				GCC_DYNAMIC_NO_PIC = NO;
				GCC_NO_COMMON_BLOCKS = YES;
				GCC_OPTIMIZATION_LEVEL = 0;
				GCC_PREPROCESSOR_DEFINITIONS = (
					"DEBUG=1",
					"$(inherited)",
				);
				GCC_WARN_64_TO_32_BIT_CONVERSION = YES;
				GCC_WARN_ABOUT_RETURN_TYPE = YES_ERROR;
				GCC_WARN_UNDECLARED_SELECTOR = YES;
				GCC_WARN_UNINITIALIZED_AUTOS = YES_AGGRESSIVE;
				GCC_WARN_UNUSED_FUNCTION = YES;
				GCC_WARN_UNUSED_VARIABLE = YES;
				IPHONEOS_DEPLOYMENT_TARGET = 17.2;
				LOCALIZATION_PREFERS_STRING_CATALOGS = YES;
				MTL_ENABLE_DEBUG_INFO = INCLUDE_SOURCE;
				MTL_FAST_MATH = YES;
				ONLY_ACTIVE_ARCH = YES;
				SDKROOT = iphoneos;
				SWIFT_ACTIVE_COMPILATION_CONDITIONS = "DEBUG $(inherited)";
				SWIFT_OPTIMIZATION_LEVEL = "-Onone";
			};
			name = Debug;
		};
		5C5265DA2D41524C00201A32 /* Release */ = {
			isa = XCBuildConfiguration;
			buildSettings = {
				ALWAYS_SEARCH_USER_PATHS = NO;
				ASSETCATALOG_COMPILER_GENERATE_SWIFT_ASSET_SYMBOL_EXTENSIONS = YES;
				CLANG_ANALYZER_NONNULL = YES;
				CLANG_ANALYZER_NUMBER_OBJECT_CONVERSION = YES_AGGRESSIVE;
				CLANG_CXX_LANGUAGE_STANDARD = "gnu++20";
				CLANG_ENABLE_MODULES = YES;
				CLANG_ENABLE_OBJC_ARC = YES;
				CLANG_ENABLE_OBJC_WEAK = YES;
				CLANG_WARN_BLOCK_CAPTURE_AUTORELEASING = YES;
				CLANG_WARN_BOOL_CONVERSION = YES;
				CLANG_WARN_COMMA = YES;
				CLANG_WARN_CONSTANT_CONVERSION = YES;
				CLANG_WARN_DEPRECATED_OBJC_IMPLEMENTATIONS = YES;
				CLANG_WARN_DIRECT_OBJC_ISA_USAGE = YES_ERROR;
				CLANG_WARN_DOCUMENTATION_COMMENTS = YES;
				CLANG_WARN_EMPTY_BODY = YES;
				CLANG_WARN_ENUM_CONVERSION = YES;
				CLANG_WARN_INFINITE_RECURSION = YES;
				CLANG_WARN_INT_CONVERSION = YES;
				CLANG_WARN_NON_LITERAL_NULL_CONVERSION = YES;
				CLANG_WARN_OBJC_IMPLICIT_RETAIN_SELF = YES;
				CLANG_WARN_OBJC_LITERAL_CONVERSION = YES;
				CLANG_WARN_OBJC_ROOT_CLASS = YES_ERROR;
				CLANG_WARN_QUOTED_INCLUDE_IN_FRAMEWORK_HEADER = YES;
				CLANG_WARN_RANGE_LOOP_ANALYSIS = YES;
				CLANG_WARN_STRICT_PROTOTYPES = YES;
				CLANG_WARN_SUSPICIOUS_MOVE = YES;
				CLANG_WARN_UNGUARDED_AVAILABILITY = YES_AGGRESSIVE;
				CLANG_WARN_UNREACHABLE_CODE = YES;
				CLANG_WARN__DUPLICATE_METHOD_MATCH = YES;
				COPY_PHASE_STRIP = NO;
				DEBUG_INFORMATION_FORMAT = "dwarf-with-dsym";
				ENABLE_NS_ASSERTIONS = NO;
				ENABLE_STRICT_OBJC_MSGSEND = YES;
				ENABLE_USER_SCRIPT_SANDBOXING = YES;
				GCC_C_LANGUAGE_STANDARD = gnu17;
				GCC_NO_COMMON_BLOCKS = YES;
				GCC_WARN_64_TO_32_BIT_CONVERSION = YES;
				GCC_WARN_ABOUT_RETURN_TYPE = YES_ERROR;
				GCC_WARN_UNDECLARED_SELECTOR = YES;
				GCC_WARN_UNINITIALIZED_AUTOS = YES_AGGRESSIVE;
				GCC_WARN_UNUSED_FUNCTION = YES;
				GCC_WARN_UNUSED_VARIABLE = YES;
				IPHONEOS_DEPLOYMENT_TARGET = 17.2;
				LOCALIZATION_PREFERS_STRING_CATALOGS = YES;
				MTL_ENABLE_DEBUG_INFO = NO;
				MTL_FAST_MATH = YES;
				SDKROOT = iphoneos;
				SWIFT_COMPILATION_MODE = wholemodule;
				VALIDATE_PRODUCT = YES;
			};
			name = Release;
		};
		5C5265DC2D41524C00201A32 /* Debug */ = {
			isa = XCBuildConfiguration;
			buildSettings = {
				ASSETCATALOG_COMPILER_APPICON_NAME = AppIcon;
				ASSETCATALOG_COMPILER_GLOBAL_ACCENT_COLOR_NAME = AccentColor;
				CODE_SIGN_STYLE = Automatic;
				CURRENT_PROJECT_VERSION = 1;
				DEVELOPMENT_ASSET_PATHS = "\"sleep2Earn-App/Preview Content\"";
				DEVELOPMENT_TEAM = KY4XDK75RG;
				ENABLE_PREVIEWS = YES;
				GENERATE_INFOPLIST_FILE = YES;
				INFOPLIST_KEY_UIApplicationSceneManifest_Generation = YES;
				INFOPLIST_KEY_UIApplicationSupportsIndirectInputEvents = YES;
				INFOPLIST_KEY_UILaunchScreen_Generation = YES;
				INFOPLIST_KEY_UISupportedInterfaceOrientations_iPad = "UIInterfaceOrientationPortrait UIInterfaceOrientationPortraitUpsideDown UIInterfaceOrientationLandscapeLeft UIInterfaceOrientationLandscapeRight";
				INFOPLIST_KEY_UISupportedInterfaceOrientations_iPhone = "UIInterfaceOrientationPortrait UIInterfaceOrientationLandscapeLeft UIInterfaceOrientationLandscapeRight";
				LD_RUNPATH_SEARCH_PATHS = (
					"$(inherited)",
					"@executable_path/Frameworks",
				);
				MARKETING_VERSION = 1.0;
				PRODUCT_BUNDLE_IDENTIFIER = "zone.sleep2Earn-App";
				PRODUCT_NAME = "$(TARGET_NAME)";
				SWIFT_EMIT_LOC_STRINGS = YES;
				SWIFT_VERSION = 5.0;
				TARGETED_DEVICE_FAMILY = "1,2";
			};
			name = Debug;
		};
		5C5265DD2D41524C00201A32 /* Release */ = {
			isa = XCBuildConfiguration;
			buildSettings = {
				ASSETCATALOG_COMPILER_APPICON_NAME = AppIcon;
				ASSETCATALOG_COMPILER_GLOBAL_ACCENT_COLOR_NAME = AccentColor;
				CODE_SIGN_STYLE = Automatic;
				CURRENT_PROJECT_VERSION = 1;
				DEVELOPMENT_ASSET_PATHS = "\"sleep2Earn-App/Preview Content\"";
				DEVELOPMENT_TEAM = KY4XDK75RG;
				ENABLE_PREVIEWS = YES;
				GENERATE_INFOPLIST_FILE = YES;
				INFOPLIST_KEY_UIApplicationSceneManifest_Generation = YES;
				INFOPLIST_KEY_UIApplicationSupportsIndirectInputEvents = YES;
				INFOPLIST_KEY_UILaunchScreen_Generation = YES;
				INFOPLIST_KEY_UISupportedInterfaceOrientations_iPad = "UIInterfaceOrientationPortrait UIInterfaceOrientationPortraitUpsideDown UIInterfaceOrientationLandscapeLeft UIInterfaceOrientationLandscapeRight";
				INFOPLIST_KEY_UISupportedInterfaceOrientations_iPhone = "UIInterfaceOrientationPortrait UIInterfaceOrientationLandscapeLeft UIInterfaceOrientationLandscapeRight";
				LD_RUNPATH_SEARCH_PATHS = (
					"$(inherited)",
					"@executable_path/Frameworks",
				);
				MARKETING_VERSION = 1.0;
				PRODUCT_BUNDLE_IDENTIFIER = "zone.sleep2Earn-App";
				PRODUCT_NAME = "$(TARGET_NAME)";
				SWIFT_EMIT_LOC_STRINGS = YES;
				SWIFT_VERSION = 5.0;
				TARGETED_DEVICE_FAMILY = "1,2";
			};
			name = Release;
		};
		5C5265DF2D41524C00201A32 /* Debug */ = {
			isa = XCBuildConfiguration;
			buildSettings = {
				ALWAYS_EMBED_SWIFT_STANDARD_LIBRARIES = YES;
				BUNDLE_LOADER = "$(TEST_HOST)";
				CODE_SIGN_STYLE = Automatic;
				CURRENT_PROJECT_VERSION = 1;
				DEVELOPMENT_TEAM = KY4XDK75RG;
				GENERATE_INFOPLIST_FILE = YES;
				IPHONEOS_DEPLOYMENT_TARGET = 17.2;
				MARKETING_VERSION = 1.0;
				PRODUCT_BUNDLE_IDENTIFIER = "zone.sleep2Earn-AppTests";
				PRODUCT_NAME = "$(TARGET_NAME)";
				SWIFT_EMIT_LOC_STRINGS = NO;
				SWIFT_VERSION = 5.0;
				TARGETED_DEVICE_FAMILY = "1,2";
				TEST_HOST = "$(BUILT_PRODUCTS_DIR)/sleep2Earn-App.app/$(BUNDLE_EXECUTABLE_FOLDER_PATH)/sleep2Earn-App";
			};
			name = Debug;
		};
		5C5265E02D41524C00201A32 /* Release */ = {
			isa = XCBuildConfiguration;
			buildSettings = {
				ALWAYS_EMBED_SWIFT_STANDARD_LIBRARIES = YES;
				BUNDLE_LOADER = "$(TEST_HOST)";
				CODE_SIGN_STYLE = Automatic;
				CURRENT_PROJECT_VERSION = 1;
				DEVELOPMENT_TEAM = KY4XDK75RG;
				GENERATE_INFOPLIST_FILE = YES;
				IPHONEOS_DEPLOYMENT_TARGET = 17.2;
				MARKETING_VERSION = 1.0;
				PRODUCT_BUNDLE_IDENTIFIER = "zone.sleep2Earn-AppTests";
				PRODUCT_NAME = "$(TARGET_NAME)";
				SWIFT_EMIT_LOC_STRINGS = NO;
				SWIFT_VERSION = 5.0;
				TARGETED_DEVICE_FAMILY = "1,2";
				TEST_HOST = "$(BUILT_PRODUCTS_DIR)/sleep2Earn-App.app/$(BUNDLE_EXECUTABLE_FOLDER_PATH)/sleep2Earn-App";
			};
			name = Release;
		};
		5C5265E22D41524C00201A32 /* Debug */ = {
			isa = XCBuildConfiguration;
			buildSettings = {
				ALWAYS_EMBED_SWIFT_STANDARD_LIBRARIES = YES;
				CODE_SIGN_STYLE = Automatic;
				CURRENT_PROJECT_VERSION = 1;
				DEVELOPMENT_TEAM = KY4XDK75RG;
				GENERATE_INFOPLIST_FILE = YES;
				MARKETING_VERSION = 1.0;
				PRODUCT_BUNDLE_IDENTIFIER = "zone.sleep2Earn-AppUITests";
				PRODUCT_NAME = "$(TARGET_NAME)";
				SWIFT_EMIT_LOC_STRINGS = NO;
				SWIFT_VERSION = 5.0;
				TARGETED_DEVICE_FAMILY = "1,2";
				TEST_TARGET_NAME = "sleep2Earn-App";
			};
			name = Debug;
		};
		5C5265E32D41524C00201A32 /* Release */ = {
			isa = XCBuildConfiguration;
			buildSettings = {
				ALWAYS_EMBED_SWIFT_STANDARD_LIBRARIES = YES;
				CODE_SIGN_STYLE = Automatic;
				CURRENT_PROJECT_VERSION = 1;
				DEVELOPMENT_TEAM = KY4XDK75RG;
				GENERATE_INFOPLIST_FILE = YES;
				MARKETING_VERSION = 1.0;
				PRODUCT_BUNDLE_IDENTIFIER = "zone.sleep2Earn-AppUITests";
				PRODUCT_NAME = "$(TARGET_NAME)";
				SWIFT_EMIT_LOC_STRINGS = NO;
				SWIFT_VERSION = 5.0;
				TARGETED_DEVICE_FAMILY = "1,2";
				TEST_TARGET_NAME = "sleep2Earn-App";
			};
			name = Release;
		};
/* End XCBuildConfiguration section */

/* Begin XCConfigurationList section */
		5C5265B22D41524A00201A32 /* Build configuration list for PBXProject "sleep2Earn-App" */ = {
			isa = XCConfigurationList;
			buildConfigurations = (
				5C5265D92D41524C00201A32 /* Debug */,
				5C5265DA2D41524C00201A32 /* Release */,
			);
			defaultConfigurationIsVisible = 0;
			defaultConfigurationName = Release;
		};
		5C5265DB2D41524C00201A32 /* Build configuration list for PBXNativeTarget "sleep2Earn-App" */ = {
			isa = XCConfigurationList;
			buildConfigurations = (
				5C5265DC2D41524C00201A32 /* Debug */,
				5C5265DD2D41524C00201A32 /* Release */,
			);
			defaultConfigurationIsVisible = 0;
			defaultConfigurationName = Release;
		};
		5C5265DE2D41524C00201A32 /* Build configuration list for PBXNativeTarget "sleep2Earn-AppTests" */ = {
			isa = XCConfigurationList;
			buildConfigurations = (
				5C5265DF2D41524C00201A32 /* Debug */,
				5C5265E02D41524C00201A32 /* Release */,
			);
			defaultConfigurationIsVisible = 0;
			defaultConfigurationName = Release;
		};
		5C5265E12D41524C00201A32 /* Build configuration list for PBXNativeTarget "sleep2Earn-AppUITests" */ = {
			isa = XCConfigurationList;
			buildConfigurations = (
				5C5265E22D41524C00201A32 /* Debug */,
				5C5265E32D41524C00201A32 /* Release */,
			);
			defaultConfigurationIsVisible = 0;
			defaultConfigurationName = Release;
		};
/* End XCConfigurationList section */
	};
	rootObject = 5C5265AF2D41524A00201A32 /* Project object */;
}
